
Microsoft Visual Studio Solution File, Format Version 12.00
# Visual Studio Version 17
VisualStudioVersion = 17.9.34723.18
MinimumVisualStudioVersion = 10.0.40219.1
Project("{FAE04EC0-301F-11D3-BF4B-00C04F79EFBC}") = "MoneyType", "src\MoneyType\MoneyType.csproj", "{1FF5A046-19FA-40E4-92FE-F3224CB7F505}"
EndProject
Project("{FAE04EC0-301F-11D3-BF4B-00C04F79EFBC}") = "MoneyType.Test", "test\MoneyType.Test\MoneyType.Test.csproj", "{524C1CA3-6DA2-43A9-9DEC-0550A1D65042}"
EndProject
Global
	GlobalSection(SolutionConfigurationPlatforms) = preSolution
		Debug|Any CPU = Debug|Any CPU
		Release|Any CPU = Release|Any CPU
	EndGlobalSection
	GlobalSection(ProjectConfigurationPlatforms) = postSolution
		{1FF5A046-19FA-40E4-92FE-F3224CB7F505}.Debug|Any CPU.ActiveCfg = Debug|Any CPU
		{1FF5A046-19FA-40E4-92FE-F3224CB7F505}.Debug|Any CPU.Build.0 = Debug|Any CPU
		{1FF5A046-19FA-40E4-92FE-F3224CB7F505}.Release|Any CPU.ActiveCfg = Release|Any CPU
		{1FF5A046-19FA-40E4-92FE-F3224CB7F505}.Release|Any CPU.Build.0 = Release|Any CPU
		{524C1CA3-6DA2-43A9-9DEC-0550A1D65042}.Debug|Any CPU.ActiveCfg = Debug|Any CPU
		{524C1CA3-6DA2-43A9-9DEC-0550A1D65042}.Debug|Any CPU.Build.0 = Debug|Any CPU
		{524C1CA3-6DA2-43A9-9DEC-0550A1D65042}.Release|Any CPU.ActiveCfg = Release|Any CPU
		{524C1CA3-6DA2-43A9-9DEC-0550A1D65042}.Release|Any CPU.Build.0 = Release|Any CPU
	EndGlobalSection
	GlobalSection(SolutionProperties) = preSolution
		HideSolutionNode = FALSE
	EndGlobalSection
	GlobalSection(ExtensibilityGlobals) = postSolution
		SolutionGuid = {0EED6852-B8F1-4B34-8351-DB02C73AFF5D}
	EndGlobalSection
EndGlobal
